
Microsoft Visual Studio Solution File, Format Version 12.00
# Visual Studio Version 16
VisualStudioVersion = 25.0.1706.6
MinimumVisualStudioVersion = 10.0.40219.1
Project("{FAE04EC0-301F-11D3-BF4B-00C04F79EFBC}") = "CoffeeShopUI", "CoffeeShopUI\CoffeeShopUI.csproj", "{94D47C4E-E62B-44CD-BA2B-063480E84365}"
EndProject
Project("{FAE04EC0-301F-11D3-BF4B-00C04F79EFBC}") = "CS_BL", "BL\CS_BL.csproj", "{1766DA56-6254-4493-BF29-A9EECFB8A843}"
EndProject
Project("{FAE04EC0-301F-11D3-BF4B-00C04F79EFBC}") = "CS_DL", "DL\CS_DL.csproj", "{456B8D87-18F3-4FFC-A423-28AF76883238}"
EndProject
Global
	GlobalSection(SolutionConfigurationPlatforms) = preSolution
		Debug|Any CPU = Debug|Any CPU
		Release|Any CPU = Release|Any CPU
	EndGlobalSection
	GlobalSection(ProjectConfigurationPlatforms) = postSolution
		{94D47C4E-E62B-44CD-BA2B-063480E84365}.Debug|Any CPU.ActiveCfg = Debug|Any CPU
		{94D47C4E-E62B-44CD-BA2B-063480E84365}.Debug|Any CPU.Build.0 = Debug|Any CPU
		{94D47C4E-E62B-44CD-BA2B-063480E84365}.Release|Any CPU.ActiveCfg = Release|Any CPU
		{94D47C4E-E62B-44CD-BA2B-063480E84365}.Release|Any CPU.Build.0 = Release|Any CPU
		{1766DA56-6254-4493-BF29-A9EECFB8A843}.Debug|Any CPU.ActiveCfg = Debug|Any CPU
		{1766DA56-6254-4493-BF29-A9EECFB8A843}.Debug|Any CPU.Build.0 = Debug|Any CPU
		{1766DA56-6254-4493-BF29-A9EECFB8A843}.Release|Any CPU.ActiveCfg = Release|Any CPU
		{1766DA56-6254-4493-BF29-A9EECFB8A843}.Release|Any CPU.Build.0 = Release|Any CPU
		{456B8D87-18F3-4FFC-A423-28AF76883238}.Debug|Any CPU.ActiveCfg = Debug|Any CPU
		{456B8D87-18F3-4FFC-A423-28AF76883238}.Debug|Any CPU.Build.0 = Debug|Any CPU
		{456B8D87-18F3-4FFC-A423-28AF76883238}.Release|Any CPU.ActiveCfg = Release|Any CPU
		{456B8D87-18F3-4FFC-A423-28AF76883238}.Release|Any CPU.Build.0 = Release|Any CPU
	EndGlobalSection
	GlobalSection(SolutionProperties) = preSolution
		HideSolutionNode = FALSE
	EndGlobalSection
	GlobalSection(ExtensibilityGlobals) = postSolution
		SolutionGuid = {2FD901B0-A090-41A5-8B62-D60F317FE5F3}
	EndGlobalSection
EndGlobal
